
Microsoft Visual Studio Solution File, Format Version 12.00
# Visual Studio Version 17
VisualStudioVersion = 17.0.31912.275
MinimumVisualStudioVersion = 10.0.40219.1
Project("{2150E333-8FDC-42A3-9474-1A3956D46DE8}") = "global", "global", "{DA723758-803A-4642-B5D7-9D87E16FE81A}"
	ProjectSection(SolutionItems) = preProject
		.editorconfig = .editorconfig
		README.md = README.md
	EndProjectSection
EndProject
Project("{2150E333-8FDC-42A3-9474-1A3956D46DE8}") = "src", "src", "{926E6B15-2004-46CC-B704-7FDB0E755705}"
EndProject
Project("{FAE04EC0-301F-11D3-BF4B-00C04F79EFBC}") = "Pgwire.Abstractions", "src\Pgwire.Abstractions\Pgwire.Abstractions.csproj", "{76BB2A3F-C29C-462E-9960-5B7F51CADEC7}"
EndProject
Project("{FAE04EC0-301F-11D3-BF4B-00C04F79EFBC}") = "Pgwire.Filesystem", "src\Pgwire.Filesystem\Pgwire.Filesystem.csproj", "{A888B8D4-CF6D-4321-AF2D-D7F9FFAAEC4F}"
EndProject
Project("{FAE04EC0-301F-11D3-BF4B-00C04F79EFBC}") = "Pgwire.SqlServer", "src\Pgwire.SqlServer\Pgwire.SqlServer.csproj", "{CEEAC046-ECF8-40C8-AB7E-0FAD8B130F34}"
EndProject
Project("{FAE04EC0-301F-11D3-BF4B-00C04F79EFBC}") = "Pgwire.Bridge", "src\Pgwire.Bridge\Pgwire.Bridge.csproj", "{28C46D50-3798-40FD-BFA2-0EE0AF0248E2}"
EndProject
Project("{FAE04EC0-301F-11D3-BF4B-00C04F79EFBC}") = "Pgwire", "src\Pgwire\Pgwire.csproj", "{D765A443-F3C7-4B9A-B674-4D03FC2BA80C}"
EndProject
Project("{FAE04EC0-301F-11D3-BF4B-00C04F79EFBC}") = "Pgwire.Echo", "src\Pgwire.Echo\Pgwire.Echo.csproj", "{CD22DFDD-BA76-4BDC-8A86-C185CB0185D7}"
EndProject
Project("{2150E333-8FDC-42A3-9474-1A3956D46DE8}") = "tests", "tests", "{7525930A-BB04-4B7D-A77A-6F0AE8C63C0B}"
EndProject
Project("{2150E333-8FDC-42A3-9474-1A3956D46DE8}") = "tools", "tools", "{5EA8FBD2-CC3A-4C5A-9A4C-1C1EAA0E2DB8}"
EndProject
Project("{FAE04EC0-301F-11D3-BF4B-00C04F79EFBC}") = "Pgprompt", "tools\Pgprompt\Pgprompt.csproj", "{A02AFAF9-CDCE-4EE0-A59E-316A5C70BBFE}"
EndProject
Global
	GlobalSection(SolutionConfigurationPlatforms) = preSolution
		Debug|Any CPU = Debug|Any CPU
		Release|Any CPU = Release|Any CPU
	EndGlobalSection
	GlobalSection(ProjectConfigurationPlatforms) = postSolution
		{76BB2A3F-C29C-462E-9960-5B7F51CADEC7}.Debug|Any CPU.ActiveCfg = Debug|Any CPU
		{76BB2A3F-C29C-462E-9960-5B7F51CADEC7}.Debug|Any CPU.Build.0 = Debug|Any CPU
		{76BB2A3F-C29C-462E-9960-5B7F51CADEC7}.Release|Any CPU.ActiveCfg = Release|Any CPU
		{76BB2A3F-C29C-462E-9960-5B7F51CADEC7}.Release|Any CPU.Build.0 = Release|Any CPU
		{A888B8D4-CF6D-4321-AF2D-D7F9FFAAEC4F}.Debug|Any CPU.ActiveCfg = Debug|Any CPU
		{A888B8D4-CF6D-4321-AF2D-D7F9FFAAEC4F}.Debug|Any CPU.Build.0 = Debug|Any CPU
		{A888B8D4-CF6D-4321-AF2D-D7F9FFAAEC4F}.Release|Any CPU.ActiveCfg = Release|Any CPU
		{A888B8D4-CF6D-4321-AF2D-D7F9FFAAEC4F}.Release|Any CPU.Build.0 = Release|Any CPU
		{CEEAC046-ECF8-40C8-AB7E-0FAD8B130F34}.Debug|Any CPU.ActiveCfg = Debug|Any CPU
		{CEEAC046-ECF8-40C8-AB7E-0FAD8B130F34}.Debug|Any CPU.Build.0 = Debug|Any CPU
		{CEEAC046-ECF8-40C8-AB7E-0FAD8B130F34}.Release|Any CPU.ActiveCfg = Release|Any CPU
		{CEEAC046-ECF8-40C8-AB7E-0FAD8B130F34}.Release|Any CPU.Build.0 = Release|Any CPU
		{28C46D50-3798-40FD-BFA2-0EE0AF0248E2}.Debug|Any CPU.ActiveCfg = Debug|Any CPU
		{28C46D50-3798-40FD-BFA2-0EE0AF0248E2}.Debug|Any CPU.Build.0 = Debug|Any CPU
		{28C46D50-3798-40FD-BFA2-0EE0AF0248E2}.Release|Any CPU.ActiveCfg = Release|Any CPU
		{28C46D50-3798-40FD-BFA2-0EE0AF0248E2}.Release|Any CPU.Build.0 = Release|Any CPU
		{D765A443-F3C7-4B9A-B674-4D03FC2BA80C}.Debug|Any CPU.ActiveCfg = Debug|Any CPU
		{D765A443-F3C7-4B9A-B674-4D03FC2BA80C}.Debug|Any CPU.Build.0 = Debug|Any CPU
		{D765A443-F3C7-4B9A-B674-4D03FC2BA80C}.Release|Any CPU.ActiveCfg = Release|Any CPU
		{D765A443-F3C7-4B9A-B674-4D03FC2BA80C}.Release|Any CPU.Build.0 = Release|Any CPU
		{CD22DFDD-BA76-4BDC-8A86-C185CB0185D7}.Debug|Any CPU.ActiveCfg = Debug|Any CPU
		{CD22DFDD-BA76-4BDC-8A86-C185CB0185D7}.Debug|Any CPU.Build.0 = Debug|Any CPU
		{CD22DFDD-BA76-4BDC-8A86-C185CB0185D7}.Release|Any CPU.ActiveCfg = Release|Any CPU
		{CD22DFDD-BA76-4BDC-8A86-C185CB0185D7}.Release|Any CPU.Build.0 = Release|Any CPU
		{A02AFAF9-CDCE-4EE0-A59E-316A5C70BBFE}.Debug|Any CPU.ActiveCfg = Debug|Any CPU
		{A02AFAF9-CDCE-4EE0-A59E-316A5C70BBFE}.Debug|Any CPU.Build.0 = Debug|Any CPU
		{A02AFAF9-CDCE-4EE0-A59E-316A5C70BBFE}.Release|Any CPU.ActiveCfg = Release|Any CPU
		{A02AFAF9-CDCE-4EE0-A59E-316A5C70BBFE}.Release|Any CPU.Build.0 = Release|Any CPU
	EndGlobalSection
	GlobalSection(SolutionProperties) = preSolution
		HideSolutionNode = FALSE
	EndGlobalSection
	GlobalSection(NestedProjects) = preSolution
		{76BB2A3F-C29C-462E-9960-5B7F51CADEC7} = {926E6B15-2004-46CC-B704-7FDB0E755705}
		{A888B8D4-CF6D-4321-AF2D-D7F9FFAAEC4F} = {926E6B15-2004-46CC-B704-7FDB0E755705}
		{CEEAC046-ECF8-40C8-AB7E-0FAD8B130F34} = {926E6B15-2004-46CC-B704-7FDB0E755705}
		{28C46D50-3798-40FD-BFA2-0EE0AF0248E2} = {926E6B15-2004-46CC-B704-7FDB0E755705}
		{D765A443-F3C7-4B9A-B674-4D03FC2BA80C} = {926E6B15-2004-46CC-B704-7FDB0E755705}
		{CD22DFDD-BA76-4BDC-8A86-C185CB0185D7} = {926E6B15-2004-46CC-B704-7FDB0E755705}
		{A02AFAF9-CDCE-4EE0-A59E-316A5C70BBFE} = {5EA8FBD2-CC3A-4C5A-9A4C-1C1EAA0E2DB8}
	EndGlobalSection
	GlobalSection(ExtensibilityGlobals) = postSolution
		SolutionGuid = {15EEB6F3-A067-45F5-987C-824BD8FDEAF9}
	EndGlobalSection
EndGlobal
